// !$*UTF8*$!
{
	archiveVersion = 1;
	classes = {
	};
	objectVersion = 50;
	objects = {

/* Begin PBXBuildFile section */
		AF5B44E543CF848CED2C9F7D /* Pods_BestPlaces.framework in Frameworks */ = {isa = PBXBuildFile; fileRef = 9097C1D57AFC11CD784BE0F4 /* Pods_BestPlaces.framework */; };
		D130154E226A216000A2EB63 /* AppDelegate.swift in Sources */ = {isa = PBXBuildFile; fileRef = D130154D226A216000A2EB63 /* AppDelegate.swift */; };
		D1301550226A216000A2EB63 /* ViewController.swift in Sources */ = {isa = PBXBuildFile; fileRef = D130154F226A216000A2EB63 /* ViewController.swift */; };
		D1301553226A216000A2EB63 /* Main.storyboard in Resources */ = {isa = PBXBuildFile; fileRef = D1301551226A216000A2EB63 /* Main.storyboard */; };
		D1301555226A216100A2EB63 /* Assets.xcassets in Resources */ = {isa = PBXBuildFile; fileRef = D1301554226A216100A2EB63 /* Assets.xcassets */; };
		D1301558226A216100A2EB63 /* LaunchScreen.storyboard in Resources */ = {isa = PBXBuildFile; fileRef = D1301556226A216100A2EB63 /* LaunchScreen.storyboard */; };
		D1301566226A68B500A2EB63 /* ServiceRequest.swift in Sources */ = {isa = PBXBuildFile; fileRef = D1301565226A68B500A2EB63 /* ServiceRequest.swift */; };
		D1301568226A68DF00A2EB63 /* ServiceManagerProtocol.swift in Sources */ = {isa = PBXBuildFile; fileRef = D1301567226A68DF00A2EB63 /* ServiceManagerProtocol.swift */; };
		D130156A226A690D00A2EB63 /* ServiceHTTPMethod.swift in Sources */ = {isa = PBXBuildFile; fileRef = D1301569226A690D00A2EB63 /* ServiceHTTPMethod.swift */; };
		D130156E226A694D00A2EB63 /* ServiceEncoding.swift in Sources */ = {isa = PBXBuildFile; fileRef = D130156D226A694D00A2EB63 /* ServiceEncoding.swift */; };
		D1301570226A699200A2EB63 /* ServiceManager.swift in Sources */ = {isa = PBXBuildFile; fileRef = D130156F226A699200A2EB63 /* ServiceManager.swift */; };
		D1301572226A6A8B00A2EB63 /* ServiceError.swift in Sources */ = {isa = PBXBuildFile; fileRef = D1301571226A6A8B00A2EB63 /* ServiceError.swift */; };
		D1301574226B4C4200A2EB63 /* Connectivity.swift in Sources */ = {isa = PBXBuildFile; fileRef = D1301573226B4C4200A2EB63 /* Connectivity.swift */; };
		D1301578226BF6AE00A2EB63 /* PlacesService.swift in Sources */ = {isa = PBXBuildFile; fileRef = D1301577226BF6AE00A2EB63 /* PlacesService.swift */; };
		D130157A226BF9A300A2EB63 /* Environment.swift in Sources */ = {isa = PBXBuildFile; fileRef = D1301579226BF9A300A2EB63 /* Environment.swift */; };
		D130157C226C1C4800A2EB63 /* Places.swift in Sources */ = {isa = PBXBuildFile; fileRef = D130157B226C1C4800A2EB63 /* Places.swift */; };
		D130157E226C22BA00A2EB63 /* DetailsPlaces.swift in Sources */ = {isa = PBXBuildFile; fileRef = D130157D226C22BA00A2EB63 /* DetailsPlaces.swift */; };
/* End PBXBuildFile section */

/* Begin PBXFileReference section */
		03B7B15FB5514C61FB852C46 /* Pods-BestPlaces.release.xcconfig */ = {isa = PBXFileReference; includeInIndex = 1; lastKnownFileType = text.xcconfig; name = "Pods-BestPlaces.release.xcconfig"; path = "Pods/Target Support Files/Pods-BestPlaces/Pods-BestPlaces.release.xcconfig"; sourceTree = "<group>"; };
		9097C1D57AFC11CD784BE0F4 /* Pods_BestPlaces.framework */ = {isa = PBXFileReference; explicitFileType = wrapper.framework; includeInIndex = 0; path = Pods_BestPlaces.framework; sourceTree = BUILT_PRODUCTS_DIR; };
		C543A6963F38A83E161B6336 /* Pods-BestPlaces.debug.xcconfig */ = {isa = PBXFileReference; includeInIndex = 1; lastKnownFileType = text.xcconfig; name = "Pods-BestPlaces.debug.xcconfig"; path = "Pods/Target Support Files/Pods-BestPlaces/Pods-BestPlaces.debug.xcconfig"; sourceTree = "<group>"; };
		D130154A226A216000A2EB63 /* BestPlaces.app */ = {isa = PBXFileReference; explicitFileType = wrapper.application; includeInIndex = 0; path = BestPlaces.app; sourceTree = BUILT_PRODUCTS_DIR; };
		D130154D226A216000A2EB63 /* AppDelegate.swift */ = {isa = PBXFileReference; lastKnownFileType = sourcecode.swift; path = AppDelegate.swift; sourceTree = "<group>"; };
		D130154F226A216000A2EB63 /* ViewController.swift */ = {isa = PBXFileReference; lastKnownFileType = sourcecode.swift; path = ViewController.swift; sourceTree = "<group>"; };
		D1301552226A216000A2EB63 /* Base */ = {isa = PBXFileReference; lastKnownFileType = file.storyboard; name = Base; path = Base.lproj/Main.storyboard; sourceTree = "<group>"; };
		D1301554226A216100A2EB63 /* Assets.xcassets */ = {isa = PBXFileReference; lastKnownFileType = folder.assetcatalog; path = Assets.xcassets; sourceTree = "<group>"; };
		D1301557226A216100A2EB63 /* Base */ = {isa = PBXFileReference; lastKnownFileType = file.storyboard; name = Base; path = Base.lproj/LaunchScreen.storyboard; sourceTree = "<group>"; };
		D1301559226A216100A2EB63 /* Info.plist */ = {isa = PBXFileReference; lastKnownFileType = text.plist.xml; path = Info.plist; sourceTree = "<group>"; };
		D1301565226A68B500A2EB63 /* ServiceRequest.swift */ = {isa = PBXFileReference; lastKnownFileType = sourcecode.swift; path = ServiceRequest.swift; sourceTree = "<group>"; };
		D1301567226A68DF00A2EB63 /* ServiceManagerProtocol.swift */ = {isa = PBXFileReference; lastKnownFileType = sourcecode.swift; path = ServiceManagerProtocol.swift; sourceTree = "<group>"; };
		D1301569226A690D00A2EB63 /* ServiceHTTPMethod.swift */ = {isa = PBXFileReference; lastKnownFileType = sourcecode.swift; path = ServiceHTTPMethod.swift; sourceTree = "<group>"; };
		D130156D226A694D00A2EB63 /* ServiceEncoding.swift */ = {isa = PBXFileReference; lastKnownFileType = sourcecode.swift; path = ServiceEncoding.swift; sourceTree = "<group>"; };
		D130156F226A699200A2EB63 /* ServiceManager.swift */ = {isa = PBXFileReference; lastKnownFileType = sourcecode.swift; path = ServiceManager.swift; sourceTree = "<group>"; };
		D1301571226A6A8B00A2EB63 /* ServiceError.swift */ = {isa = PBXFileReference; lastKnownFileType = sourcecode.swift; path = ServiceError.swift; sourceTree = "<group>"; };
		D1301573226B4C4200A2EB63 /* Connectivity.swift */ = {isa = PBXFileReference; lastKnownFileType = sourcecode.swift; path = Connectivity.swift; sourceTree = "<group>"; };
		D1301577226BF6AE00A2EB63 /* PlacesService.swift */ = {isa = PBXFileReference; lastKnownFileType = sourcecode.swift; path = PlacesService.swift; sourceTree = "<group>"; };
		D1301579226BF9A300A2EB63 /* Environment.swift */ = {isa = PBXFileReference; lastKnownFileType = sourcecode.swift; path = Environment.swift; sourceTree = "<group>"; };
		D130157B226C1C4800A2EB63 /* Places.swift */ = {isa = PBXFileReference; lastKnownFileType = sourcecode.swift; path = Places.swift; sourceTree = "<group>"; };
		D130157D226C22BA00A2EB63 /* DetailsPlaces.swift */ = {isa = PBXFileReference; lastKnownFileType = sourcecode.swift; path = DetailsPlaces.swift; sourceTree = "<group>"; };
/* End PBXFileReference section */

/* Begin PBXFrameworksBuildPhase section */
		D1301547226A216000A2EB63 /* Frameworks */ = {
			isa = PBXFrameworksBuildPhase;
			buildActionMask = 2147483647;
			files = (
				AF5B44E543CF848CED2C9F7D /* Pods_BestPlaces.framework in Frameworks */,
			);
			runOnlyForDeploymentPostprocessing = 0;
		};
/* End PBXFrameworksBuildPhase section */

/* Begin PBXGroup section */
		921C5C77C6A377145CF7344E /* Frameworks */ = {
			isa = PBXGroup;
			children = (
				9097C1D57AFC11CD784BE0F4 /* Pods_BestPlaces.framework */,
			);
			name = Frameworks;
			sourceTree = "<group>";
		};
		A9EDEBD892D211FECC8C7BF1 /* Pods */ = {
			isa = PBXGroup;
			children = (
				C543A6963F38A83E161B6336 /* Pods-BestPlaces.debug.xcconfig */,
				03B7B15FB5514C61FB852C46 /* Pods-BestPlaces.release.xcconfig */,
			);
			name = Pods;
			sourceTree = "<group>";
		};
		D1301541226A216000A2EB63 = {
			isa = PBXGroup;
			children = (
				D130154C226A216000A2EB63 /* BestPlaces */,
				D130154B226A216000A2EB63 /* Products */,
				A9EDEBD892D211FECC8C7BF1 /* Pods */,
				921C5C77C6A377145CF7344E /* Frameworks */,
			);
			sourceTree = "<group>";
		};
		D130154B226A216000A2EB63 /* Products */ = {
			isa = PBXGroup;
			children = (
				D130154A226A216000A2EB63 /* BestPlaces.app */,
			);
			name = Products;
			sourceTree = "<group>";
		};
		D130154C226A216000A2EB63 /* BestPlaces */ = {
			isa = PBXGroup;
			children = (
				D130155F226A264D00A2EB63 /* Features */,
				D1301560226A265A00A2EB63 /* Helpers */,
				D1301561226A266300A2EB63 /* Resources */,
				D1301562226A266D00A2EB63 /* Services */,
			);
			path = BestPlaces;
			sourceTree = "<group>";
		};
		D130155F226A264D00A2EB63 /* Features */ = {
			isa = PBXGroup;
			children = (
				D130154F226A216000A2EB63 /* ViewController.swift */,
				D1301551226A216000A2EB63 /* Main.storyboard */,
			);
			path = Features;
			sourceTree = "<group>";
		};
		D1301560226A265A00A2EB63 /* Helpers */ = {
			isa = PBXGroup;
			children = (
				D130156B226A692D00A2EB63 /* Service */,
			);
			path = Helpers;
			sourceTree = "<group>";
		};
		D1301561226A266300A2EB63 /* Resources */ = {
			isa = PBXGroup;
			children = (
				D130154D226A216000A2EB63 /* AppDelegate.swift */,
				D1301554226A216100A2EB63 /* Assets.xcassets */,
				D1301556226A216100A2EB63 /* LaunchScreen.storyboard */,
				D1301559226A216100A2EB63 /* Info.plist */,
				D1301579226BF9A300A2EB63 /* Environment.swift */,
			);
			path = Resources;
			sourceTree = "<group>";
		};
		D1301562226A266D00A2EB63 /* Services */ = {
			isa = PBXGroup;
			children = (
				D1301575226B543500A2EB63 /* Places */,
			);
			path = Services;
			sourceTree = "<group>";
		};
		D1301564226A689400A2EB63 /* ServiceMethods */ = {
			isa = PBXGroup;
			children = (
				D1301565226A68B500A2EB63 /* ServiceRequest.swift */,
				D1301567226A68DF00A2EB63 /* ServiceManagerProtocol.swift */,
				D1301569226A690D00A2EB63 /* ServiceHTTPMethod.swift */,
				D130156D226A694D00A2EB63 /* ServiceEncoding.swift */,
				D1301573226B4C4200A2EB63 /* Connectivity.swift */,
			);
			path = ServiceMethods;
			sourceTree = "<group>";
		};
		D130156B226A692D00A2EB63 /* Service */ = {
			isa = PBXGroup;
			children = (
				D130156F226A699200A2EB63 /* ServiceManager.swift */,
				D1301571226A6A8B00A2EB63 /* ServiceError.swift */,
				D1301564226A689400A2EB63 /* ServiceMethods */,
			);
			path = Service;
			sourceTree = "<group>";
		};
		D1301575226B543500A2EB63 /* Places */ = {
			isa = PBXGroup;
			children = (
				D1301576226B546B00A2EB63 /* Entities */,
				D1301577226BF6AE00A2EB63 /* PlacesService.swift */,
			);
			path = Places;
			sourceTree = "<group>";
		};
		D1301576226B546B00A2EB63 /* Entities */ = {
			isa = PBXGroup;
			children = (
				D130157B226C1C4800A2EB63 /* Places.swift */,
				D130157D226C22BA00A2EB63 /* DetailsPlaces.swift */,
			);
			path = Entities;
			sourceTree = "<group>";
		};
/* End PBXGroup section */

/* Begin PBXNativeTarget section */
		D1301549226A216000A2EB63 /* BestPlaces */ = {
			isa = PBXNativeTarget;
			buildConfigurationList = D130155C226A216100A2EB63 /* Build configuration list for PBXNativeTarget "BestPlaces" */;
			buildPhases = (
				A2498741851F4755DB55DA7D /* [CP] Check Pods Manifest.lock */,
				D1301546226A216000A2EB63 /* Sources */,
				D1301547226A216000A2EB63 /* Frameworks */,
				D1301548226A216000A2EB63 /* Resources */,
				BEBF358E0BA8CFF9DB1A89DC /* [CP] Embed Pods Frameworks */,
				0D14939A16D6F3D975400CF2 /* [CP] Copy Pods Resources */,
			);
			buildRules = (
			);
			dependencies = (
			);
			name = BestPlaces;
			productName = BestPlaces;
			productReference = D130154A226A216000A2EB63 /* BestPlaces.app */;
			productType = "com.apple.product-type.application";
		};
/* End PBXNativeTarget section */

/* Begin PBXProject section */
		D1301542226A216000A2EB63 /* Project object */ = {
			isa = PBXProject;
			attributes = {
				LastSwiftUpdateCheck = 1010;
				LastUpgradeCheck = 1010;
				ORGANIZATIONNAME = "Ronilson Batista";
				TargetAttributes = {
					D1301549226A216000A2EB63 = {
						CreatedOnToolsVersion = 10.1;
					};
				};
			};
			buildConfigurationList = D1301545226A216000A2EB63 /* Build configuration list for PBXProject "BestPlaces" */;
			compatibilityVersion = "Xcode 9.3";
			developmentRegion = en;
			hasScannedForEncodings = 0;
			knownRegions = (
				en,
				Base,
			);
			mainGroup = D1301541226A216000A2EB63;
			productRefGroup = D130154B226A216000A2EB63 /* Products */;
			projectDirPath = "";
			projectRoot = "";
			targets = (
				D1301549226A216000A2EB63 /* BestPlaces */,
			);
		};
/* End PBXProject section */

/* Begin PBXResourcesBuildPhase section */
		D1301548226A216000A2EB63 /* Resources */ = {
			isa = PBXResourcesBuildPhase;
			buildActionMask = 2147483647;
			files = (
				D1301558226A216100A2EB63 /* LaunchScreen.storyboard in Resources */,
				D1301555226A216100A2EB63 /* Assets.xcassets in Resources */,
				D1301553226A216000A2EB63 /* Main.storyboard in Resources */,
			);
			runOnlyForDeploymentPostprocessing = 0;
		};
/* End PBXResourcesBuildPhase section */

/* Begin PBXShellScriptBuildPhase section */
		0D14939A16D6F3D975400CF2 /* [CP] Copy Pods Resources */ = {
			isa = PBXShellScriptBuildPhase;
			buildActionMask = 2147483647;
			files = (
			);
			inputFileListPaths = (
			);
			inputPaths = (
				"${SRCROOT}/Pods/Target Support Files/Pods-BestPlaces/Pods-BestPlaces-resources.sh",
				"${PODS_ROOT}/GoogleMaps/Maps/Frameworks/GoogleMaps.framework/Resources/GoogleMaps.bundle",
				"${PODS_ROOT}/GooglePlaces/Frameworks/GooglePlaces.framework/Resources/GooglePlaces.bundle",
			);
			name = "[CP] Copy Pods Resources";
			outputFileListPaths = (
			);
			outputPaths = (
				"${TARGET_BUILD_DIR}/${UNLOCALIZED_RESOURCES_FOLDER_PATH}/GoogleMaps.bundle",
				"${TARGET_BUILD_DIR}/${UNLOCALIZED_RESOURCES_FOLDER_PATH}/GooglePlaces.bundle",
			);
			runOnlyForDeploymentPostprocessing = 0;
			shellPath = /bin/sh;
			shellScript = "\"${SRCROOT}/Pods/Target Support Files/Pods-BestPlaces/Pods-BestPlaces-resources.sh\"\n";
			showEnvVarsInLog = 0;
		};
		A2498741851F4755DB55DA7D /* [CP] Check Pods Manifest.lock */ = {
			isa = PBXShellScriptBuildPhase;
			buildActionMask = 2147483647;
			files = (
			);
			inputFileListPaths = (
			);
			inputPaths = (
				"${PODS_PODFILE_DIR_PATH}/Podfile.lock",
				"${PODS_ROOT}/Manifest.lock",
			);
			name = "[CP] Check Pods Manifest.lock";
			outputFileListPaths = (
			);
			outputPaths = (
				"$(DERIVED_FILE_DIR)/Pods-BestPlaces-checkManifestLockResult.txt",
			);
			runOnlyForDeploymentPostprocessing = 0;
			shellPath = /bin/sh;
			shellScript = "diff \"${PODS_PODFILE_DIR_PATH}/Podfile.lock\" \"${PODS_ROOT}/Manifest.lock\" > /dev/null\nif [ $? != 0 ] ; then\n    # print error to STDERR\n    echo \"error: The sandbox is not in sync with the Podfile.lock. Run 'pod install' or update your CocoaPods installation.\" >&2\n    exit 1\nfi\n# This output is used by Xcode 'outputs' to avoid re-running this script phase.\necho \"SUCCESS\" > \"${SCRIPT_OUTPUT_FILE_0}\"\n";
			showEnvVarsInLog = 0;
		};
		BEBF358E0BA8CFF9DB1A89DC /* [CP] Embed Pods Frameworks */ = {
			isa = PBXShellScriptBuildPhase;
			buildActionMask = 2147483647;
			files = (
			);
			inputFileListPaths = (
			);
			inputPaths = (
				"${SRCROOT}/Pods/Target Support Files/Pods-BestPlaces/Pods-BestPlaces-frameworks.sh",
				"${BUILT_PRODUCTS_DIR}/Alamofire/Alamofire.framework",
				"${BUILT_PRODUCTS_DIR}/SVProgressHUD/SVProgressHUD.framework",
			);
			name = "[CP] Embed Pods Frameworks";
			outputFileListPaths = (
			);
			outputPaths = (
				"${TARGET_BUILD_DIR}/${FRAMEWORKS_FOLDER_PATH}/Alamofire.framework",
				"${TARGET_BUILD_DIR}/${FRAMEWORKS_FOLDER_PATH}/SVProgressHUD.framework",
			);
			runOnlyForDeploymentPostprocessing = 0;
			shellPath = /bin/sh;
			shellScript = "\"${SRCROOT}/Pods/Target Support Files/Pods-BestPlaces/Pods-BestPlaces-frameworks.sh\"\n";
			showEnvVarsInLog = 0;
		};
/* End PBXShellScriptBuildPhase section */

/* Begin PBXSourcesBuildPhase section */
		D1301546226A216000A2EB63 /* Sources */ = {
			isa = PBXSourcesBuildPhase;
			buildActionMask = 2147483647;
			files = (
				D1301572226A6A8B00A2EB63 /* ServiceError.swift in Sources */,
				D130157E226C22BA00A2EB63 /* DetailsPlaces.swift in Sources */,
				D1301578226BF6AE00A2EB63 /* PlacesService.swift in Sources */,
				D1301550226A216000A2EB63 /* ViewController.swift in Sources */,
				D1301574226B4C4200A2EB63 /* Connectivity.swift in Sources */,
				D1301568226A68DF00A2EB63 /* ServiceManagerProtocol.swift in Sources */,
				D130156E226A694D00A2EB63 /* ServiceEncoding.swift in Sources */,
				D130156A226A690D00A2EB63 /* ServiceHTTPMethod.swift in Sources */,
				D130157A226BF9A300A2EB63 /* Environment.swift in Sources */,
				D130154E226A216000A2EB63 /* AppDelegate.swift in Sources */,
				D1301570226A699200A2EB63 /* ServiceManager.swift in Sources */,
				D1301566226A68B500A2EB63 /* ServiceRequest.swift in Sources */,
				D130157C226C1C4800A2EB63 /* Places.swift in Sources */,
			);
			runOnlyForDeploymentPostprocessing = 0;
		};
/* End PBXSourcesBuildPhase section */

/* Begin PBXVariantGroup section */
		D1301551226A216000A2EB63 /* Main.storyboard */ = {
			isa = PBXVariantGroup;
			children = (
				D1301552226A216000A2EB63 /* Base */,
			);
			name = Main.storyboard;
			sourceTree = "<group>";
		};
		D1301556226A216100A2EB63 /* LaunchScreen.storyboard */ = {
			isa = PBXVariantGroup;
			children = (
				D1301557226A216100A2EB63 /* Base */,
			);
			name = LaunchScreen.storyboard;
			sourceTree = "<group>";
		};
/* End PBXVariantGroup section */

/* Begin XCBuildConfiguration section */
		D130155A226A216100A2EB63 /* Debug */ = {
			isa = XCBuildConfiguration;
			buildSettings = {
				ALWAYS_SEARCH_USER_PATHS = NO;
				CLANG_ANALYZER_NONNULL = YES;
				CLANG_ANALYZER_NUMBER_OBJECT_CONVERSION = YES_AGGRESSIVE;
				CLANG_CXX_LANGUAGE_STANDARD = "gnu++14";
				CLANG_CXX_LIBRARY = "libc++";
				CLANG_ENABLE_MODULES = YES;
				CLANG_ENABLE_OBJC_ARC = YES;
				CLANG_ENABLE_OBJC_WEAK = YES;
				CLANG_WARN_BLOCK_CAPTURE_AUTORELEASING = YES;
				CLANG_WARN_BOOL_CONVERSION = YES;
				CLANG_WARN_COMMA = YES;
				CLANG_WARN_CONSTANT_CONVERSION = YES;
				CLANG_WARN_DEPRECATED_OBJC_IMPLEMENTATIONS = YES;
				CLANG_WARN_DIRECT_OBJC_ISA_USAGE = YES_ERROR;
				CLANG_WARN_DOCUMENTATION_COMMENTS = YES;
				CLANG_WARN_EMPTY_BODY = YES;
				CLANG_WARN_ENUM_CONVERSION = YES;
				CLANG_WARN_INFINITE_RECURSION = YES;
				CLANG_WARN_INT_CONVERSION = YES;
				CLANG_WARN_NON_LITERAL_NULL_CONVERSION = YES;
				CLANG_WARN_OBJC_IMPLICIT_RETAIN_SELF = YES;
				CLANG_WARN_OBJC_LITERAL_CONVERSION = YES;
				CLANG_WARN_OBJC_ROOT_CLASS = YES_ERROR;
				CLANG_WARN_RANGE_LOOP_ANALYSIS = YES;
				CLANG_WARN_STRICT_PROTOTYPES = YES;
				CLANG_WARN_SUSPICIOUS_MOVE = YES;
				CLANG_WARN_UNGUARDED_AVAILABILITY = YES_AGGRESSIVE;
				CLANG_WARN_UNREACHABLE_CODE = YES;
				CLANG_WARN__DUPLICATE_METHOD_MATCH = YES;
				CODE_SIGN_IDENTITY = "iPhone Developer";
				COPY_PHASE_STRIP = NO;
				DEBUG_INFORMATION_FORMAT = dwarf;
				ENABLE_STRICT_OBJC_MSGSEND = YES;
				ENABLE_TESTABILITY = YES;
				GCC_C_LANGUAGE_STANDARD = gnu11;
				GCC_DYNAMIC_NO_PIC = NO;
				GCC_NO_COMMON_BLOCKS = YES;
				GCC_OPTIMIZATION_LEVEL = 0;
				GCC_PREPROCESSOR_DEFINITIONS = (
					"DEBUG=1",
					"$(inherited)",
				);
				GCC_WARN_64_TO_32_BIT_CONVERSION = YES;
				GCC_WARN_ABOUT_RETURN_TYPE = YES_ERROR;
				GCC_WARN_UNDECLARED_SELECTOR = YES;
				GCC_WARN_UNINITIALIZED_AUTOS = YES_AGGRESSIVE;
				GCC_WARN_UNUSED_FUNCTION = YES;
				GCC_WARN_UNUSED_VARIABLE = YES;
				IPHONEOS_DEPLOYMENT_TARGET = 12.1;
				MTL_ENABLE_DEBUG_INFO = INCLUDE_SOURCE;
				MTL_FAST_MATH = YES;
				ONLY_ACTIVE_ARCH = YES;
				SDKROOT = iphoneos;
				SWIFT_ACTIVE_COMPILATION_CONDITIONS = DEBUG;
				SWIFT_OPTIMIZATION_LEVEL = "-Onone";
			};
			name = Debug;
		};
		D130155B226A216100A2EB63 /* Release */ = {
			isa = XCBuildConfiguration;
			buildSettings = {
				ALWAYS_SEARCH_USER_PATHS = NO;
				CLANG_ANALYZER_NONNULL = YES;
				CLANG_ANALYZER_NUMBER_OBJECT_CONVERSION = YES_AGGRESSIVE;
				CLANG_CXX_LANGUAGE_STANDARD = "gnu++14";
				CLANG_CXX_LIBRARY = "libc++";
				CLANG_ENABLE_MODULES = YES;
				CLANG_ENABLE_OBJC_ARC = YES;
				CLANG_ENABLE_OBJC_WEAK = YES;
				CLANG_WARN_BLOCK_CAPTURE_AUTORELEASING = YES;
				CLANG_WARN_BOOL_CONVERSION = YES;
				CLANG_WARN_COMMA = YES;
				CLANG_WARN_CONSTANT_CONVERSION = YES;
				CLANG_WARN_DEPRECATED_OBJC_IMPLEMENTATIONS = YES;
				CLANG_WARN_DIRECT_OBJC_ISA_USAGE = YES_ERROR;
				CLANG_WARN_DOCUMENTATION_COMMENTS = YES;
				CLANG_WARN_EMPTY_BODY = YES;
				CLANG_WARN_ENUM_CONVERSION = YES;
				CLANG_WARN_INFINITE_RECURSION = YES;
				CLANG_WARN_INT_CONVERSION = YES;
				CLANG_WARN_NON_LITERAL_NULL_CONVERSION = YES;
				CLANG_WARN_OBJC_IMPLICIT_RETAIN_SELF = YES;
				CLANG_WARN_OBJC_LITERAL_CONVERSION = YES;
				CLANG_WARN_OBJC_ROOT_CLASS = YES_ERROR;
				CLANG_WARN_RANGE_LOOP_ANALYSIS = YES;
				CLANG_WARN_STRICT_PROTOTYPES = YES;
				CLANG_WARN_SUSPICIOUS_MOVE = YES;
				CLANG_WARN_UNGUARDED_AVAILABILITY = YES_AGGRESSIVE;
				CLANG_WARN_UNREACHABLE_CODE = YES;
				CLANG_WARN__DUPLICATE_METHOD_MATCH = YES;
				CODE_SIGN_IDENTITY = "iPhone Developer";
				COPY_PHASE_STRIP = NO;
				DEBUG_INFORMATION_FORMAT = "dwarf-with-dsym";
				ENABLE_NS_ASSERTIONS = NO;
				ENABLE_STRICT_OBJC_MSGSEND = YES;
				GCC_C_LANGUAGE_STANDARD = gnu11;
				GCC_NO_COMMON_BLOCKS = YES;
				GCC_WARN_64_TO_32_BIT_CONVERSION = YES;
				GCC_WARN_ABOUT_RETURN_TYPE = YES_ERROR;
				GCC_WARN_UNDECLARED_SELECTOR = YES;
				GCC_WARN_UNINITIALIZED_AUTOS = YES_AGGRESSIVE;
				GCC_WARN_UNUSED_FUNCTION = YES;
				GCC_WARN_UNUSED_VARIABLE = YES;
				IPHONEOS_DEPLOYMENT_TARGET = 12.1;
				MTL_ENABLE_DEBUG_INFO = NO;
				MTL_FAST_MATH = YES;
				SDKROOT = iphoneos;
				SWIFT_COMPILATION_MODE = wholemodule;
				SWIFT_OPTIMIZATION_LEVEL = "-O";
				VALIDATE_PRODUCT = YES;
			};
			name = Release;
		};
		D130155D226A216100A2EB63 /* Debug */ = {
			isa = XCBuildConfiguration;
			baseConfigurationReference = C543A6963F38A83E161B6336 /* Pods-BestPlaces.debug.xcconfig */;
			buildSettings = {
				ASSETCATALOG_COMPILER_APPICON_NAME = AppIcon;
				CODE_SIGN_STYLE = Automatic;
				DEVELOPMENT_TEAM = 6FVWXKY4X6;
				INFOPLIST_FILE = "$(SRCROOT)/BestPlaces/Resources/Info.plist";
				LD_RUNPATH_SEARCH_PATHS = (
					"$(inherited)",
					"@executable_path/Frameworks",
				);
				PRODUCT_BUNDLE_IDENTIFIER = RonilsonBatista.BestPlaces;
				PRODUCT_NAME = "$(TARGET_NAME)";
				SWIFT_VERSION = 4.2;
				TARGETED_DEVICE_FAMILY = "1,2";
			};
			name = Debug;
		};
		D130155E226A216100A2EB63 /* Release */ = {
			isa = XCBuildConfiguration;
			baseConfigurationReference = 03B7B15FB5514C61FB852C46 /* Pods-BestPlaces.release.xcconfig */;
			buildSettings = {
				ASSETCATALOG_COMPILER_APPICON_NAME = AppIcon;
				CODE_SIGN_STYLE = Automatic;
				DEVELOPMENT_TEAM = 6FVWXKY4X6;
				INFOPLIST_FILE = "$(SRCROOT)/BestPlaces/Resources/Info.plist";
				LD_RUNPATH_SEARCH_PATHS = (
					"$(inherited)",
					"@executable_path/Frameworks",
				);
				PRODUCT_BUNDLE_IDENTIFIER = RonilsonBatista.BestPlaces;
				PRODUCT_NAME = "$(TARGET_NAME)";
				SWIFT_VERSION = 4.2;
				TARGETED_DEVICE_FAMILY = "1,2";
			};
			name = Release;
		};
/* End XCBuildConfiguration section */

/* Begin XCConfigurationList section */
		D1301545226A216000A2EB63 /* Build configuration list for PBXProject "BestPlaces" */ = {
			isa = XCConfigurationList;
			buildConfigurations = (
				D130155A226A216100A2EB63 /* Debug */,
				D130155B226A216100A2EB63 /* Release */,
			);
			defaultConfigurationIsVisible = 0;
			defaultConfigurationName = Release;
		};
		D130155C226A216100A2EB63 /* Build configuration list for PBXNativeTarget "BestPlaces" */ = {
			isa = XCConfigurationList;
			buildConfigurations = (
				D130155D226A216100A2EB63 /* Debug */,
				D130155E226A216100A2EB63 /* Release */,
			);
			defaultConfigurationIsVisible = 0;
			defaultConfigurationName = Release;
		};
/* End XCConfigurationList section */
	};
	rootObject = D1301542226A216000A2EB63 /* Project object */;
}
